
Microsoft Visual Studio Solution File, Format Version 12.00
# Visual Studio Version 17
VisualStudioVersion = 17.0.32014.148
MinimumVisualStudioVersion = 10.0.40219.1
Project("{FAE04EC0-301F-11D3-BF4B-00C04F79EFBC}") = "ConsoleApp.P513-Ev-Tapsirigi", "ConsoleApp.P513-Ev-Tapsirigi\ConsoleApp.P513-Ev-Tapsirigi.csproj", "{ACE5A81C-731C-4AB7-A97D-18299E991F62}"
EndProject
Global
	GlobalSection(SolutionConfigurationPlatforms) = preSolution
		Debug|Any CPU = Debug|Any CPU
		Release|Any CPU = Release|Any CPU
	EndGlobalSection
	GlobalSection(ProjectConfigurationPlatforms) = postSolution
		{ACE5A81C-731C-4AB7-A97D-18299E991F62}.Debug|Any CPU.ActiveCfg = Debug|Any CPU
		{ACE5A81C-731C-4AB7-A97D-18299E991F62}.Debug|Any CPU.Build.0 = Debug|Any CPU
		{ACE5A81C-731C-4AB7-A97D-18299E991F62}.Release|Any CPU.ActiveCfg = Release|Any CPU
		{ACE5A81C-731C-4AB7-A97D-18299E991F62}.Release|Any CPU.Build.0 = Release|Any CPU
	EndGlobalSection
	GlobalSection(SolutionProperties) = preSolution
		HideSolutionNode = FALSE
	EndGlobalSection
	GlobalSection(ExtensibilityGlobals) = postSolution
		SolutionGuid = {E44A778E-2B7E-4FC5-AE57-A6DEEDEC766A}
	EndGlobalSection
EndGlobal
